
Microsoft Visual Studio Solution File, Format Version 12.00
# Visual Studio Version 16
VisualStudioVersion = 16.0.31019.35
MinimumVisualStudioVersion = 10.0.40219.1
Project("{9A19103F-16F7-4668-BE54-9A1E7A4F7556}") = "BlazingPizza.Server", "BlazingPizza\Server\BlazingPizza.Server.csproj", "{7F690F3C-9E51-4DEA-9736-E2C1E52267FD}"
EndProject
Project("{9A19103F-16F7-4668-BE54-9A1E7A4F7556}") = "BlazingPizza.Client", "BlazingPizza\Client\BlazingPizza.Client.csproj", "{A8E9C552-A532-4C08-BB59-C075E07C88D7}"
EndProject
Project("{9A19103F-16F7-4668-BE54-9A1E7A4F7556}") = "BlazingPizza.Shared", "BlazingPizza\Shared\BlazingPizza.Shared.csproj", "{07A955B2-9035-4187-8631-D5EC5B5D1664}"
EndProject
Global
	GlobalSection(SolutionConfigurationPlatforms) = preSolution
		Debug|Any CPU = Debug|Any CPU
		Release|Any CPU = Release|Any CPU
	EndGlobalSection
	GlobalSection(ProjectConfigurationPlatforms) = postSolution
		{7F690F3C-9E51-4DEA-9736-E2C1E52267FD}.Debug|Any CPU.ActiveCfg = Debug|Any CPU
		{7F690F3C-9E51-4DEA-9736-E2C1E52267FD}.Debug|Any CPU.Build.0 = Debug|Any CPU
		{7F690F3C-9E51-4DEA-9736-E2C1E52267FD}.Release|Any CPU.ActiveCfg = Release|Any CPU
		{7F690F3C-9E51-4DEA-9736-E2C1E52267FD}.Release|Any CPU.Build.0 = Release|Any CPU
		{A8E9C552-A532-4C08-BB59-C075E07C88D7}.Debug|Any CPU.ActiveCfg = Debug|Any CPU
		{A8E9C552-A532-4C08-BB59-C075E07C88D7}.Debug|Any CPU.Build.0 = Debug|Any CPU
		{A8E9C552-A532-4C08-BB59-C075E07C88D7}.Release|Any CPU.ActiveCfg = Release|Any CPU
		{A8E9C552-A532-4C08-BB59-C075E07C88D7}.Release|Any CPU.Build.0 = Release|Any CPU
		{07A955B2-9035-4187-8631-D5EC5B5D1664}.Debug|Any CPU.ActiveCfg = Debug|Any CPU
		{07A955B2-9035-4187-8631-D5EC5B5D1664}.Debug|Any CPU.Build.0 = Debug|Any CPU
		{07A955B2-9035-4187-8631-D5EC5B5D1664}.Release|Any CPU.ActiveCfg = Release|Any CPU
		{07A955B2-9035-4187-8631-D5EC5B5D1664}.Release|Any CPU.Build.0 = Release|Any CPU
	EndGlobalSection
	GlobalSection(SolutionProperties) = preSolution
		HideSolutionNode = FALSE
	EndGlobalSection
	GlobalSection(ExtensibilityGlobals) = postSolution
		SolutionGuid = {D1D5804E-6286-47A2-8437-7C6D97F713EC}
	EndGlobalSection
EndGlobal
